Microsoft Visual Studio Solution File, Format Version 12.00
# Visual Studio Version 17
VisualStudioVersion = 17.5.2.0
MinimumVisualStudioVersion = 10.0.40219.1
Project("{FAE04EC0-301F-11D3-BF4B-00C04F79EFBC}") = "UsersTasksApi", "UsersTasksApi.csproj", "{0B4BC37E-4940-87AE-1207-D648B3856596}"
EndProject
Global
	GlobalSection(SolutionConfigurationPlatforms) = preSolution
		Debug|Any CPU = Debug|Any CPU
		Release|Any CPU = Release|Any CPU
	EndGlobalSection
	GlobalSection(ProjectConfigurationPlatforms) = postSolution
		{0B4BC37E-4940-87AE-1207-D648B3856596}.Debug|Any CPU.ActiveCfg = Debug|Any CPU
		{0B4BC37E-4940-87AE-1207-D648B3856596}.Debug|Any CPU.Build.0 = Debug|Any CPU
		{0B4BC37E-4940-87AE-1207-D648B3856596}.Release|Any CPU.ActiveCfg = Release|Any CPU
		{0B4BC37E-4940-87AE-1207-D648B3856596}.Release|Any CPU.Build.0 = Release|Any CPU
	EndGlobalSection
	GlobalSection(SolutionProperties) = preSolution
		HideSolutionNode = FALSE
	EndGlobalSection
	GlobalSection(ExtensibilityGlobals) = postSolution
		SolutionGuid = {67C15DB0-3573-4F91-80EA-DD1ED924FC9D}
	EndGlobalSection
EndGlobal
